
Microsoft Visual Studio Solution File, Format Version 12.00
# Visual Studio Version 17
VisualStudioVersion = 17.5.33424.131
MinimumVisualStudioVersion = 10.0.40219.1
Project("{FAE04EC0-301F-11D3-BF4B-00C04F79EFBC}") = "DrugManagementAPI", "DrugManagementAPI\DrugManagementAPI.csproj", "{BEC9B4DD-AAFB-4A53-A357-430FCDE597B7}"
EndProject
Project("{FAE04EC0-301F-11D3-BF4B-00C04F79EFBC}") = "DrugManagement.Data", "DrugManagement.Data\DrugManagement.Data.csproj", "{95E6DFD6-D4DA-4971-B72E-BDA37C33089C}"
EndProject
Global
	GlobalSection(SolutionConfigurationPlatforms) = preSolution
		Debug|Any CPU = Debug|Any CPU
		Release|Any CPU = Release|Any CPU
	EndGlobalSection
	GlobalSection(ProjectConfigurationPlatforms) = postSolution
		{BEC9B4DD-AAFB-4A53-A357-430FCDE597B7}.Debug|Any CPU.ActiveCfg = Debug|Any CPU
		{BEC9B4DD-AAFB-4A53-A357-430FCDE597B7}.Debug|Any CPU.Build.0 = Debug|Any CPU
		{BEC9B4DD-AAFB-4A53-A357-430FCDE597B7}.Release|Any CPU.ActiveCfg = Release|Any CPU
		{BEC9B4DD-AAFB-4A53-A357-430FCDE597B7}.Release|Any CPU.Build.0 = Release|Any CPU
		{95E6DFD6-D4DA-4971-B72E-BDA37C33089C}.Debug|Any CPU.ActiveCfg = Debug|Any CPU
		{95E6DFD6-D4DA-4971-B72E-BDA37C33089C}.Debug|Any CPU.Build.0 = Debug|Any CPU
		{95E6DFD6-D4DA-4971-B72E-BDA37C33089C}.Release|Any CPU.ActiveCfg = Release|Any CPU
		{95E6DFD6-D4DA-4971-B72E-BDA37C33089C}.Release|Any CPU.Build.0 = Release|Any CPU
	EndGlobalSection
	GlobalSection(SolutionProperties) = preSolution
		HideSolutionNode = FALSE
	EndGlobalSection
	GlobalSection(ExtensibilityGlobals) = postSolution
		SolutionGuid = {EE6B6C5D-0B4A-4DA4-90A8-5DECD4550EAA}
	EndGlobalSection
EndGlobal
